
Microsoft Visual Studio Solution File, Format Version 12.00
# Visual Studio Version 16
VisualStudioVersion = 16.0.28729.10
MinimumVisualStudioVersion = 10.0.40219.1
Project("{9A19103F-16F7-4668-BE54-9A1E7A4F7556}") = "SharingService.Web", "SharingService.Web\SharingService.Web.csproj", "{8EDA5F99-3C22-49D8-9F45-A4561C24AD04}"
EndProject
Project("{9A19103F-16F7-4668-BE54-9A1E7A4F7556}") = "SharingService.Core", "SharingService.Core\SharingService.Core.csproj", "{79DEBB12-53DA-49C1-81A2-38E642629138}"
EndProject
Project("{9A19103F-16F7-4668-BE54-9A1E7A4F7556}") = "SharingService.Data", "SharingService.Data\SharingService.Data.csproj", "{1851D1EE-386D-41CE-AA03-657C447CC644}"
EndProject
Project("{9A19103F-16F7-4668-BE54-9A1E7A4F7556}") = "SharingService.Data.EntityFramework", "SharingService.Data.EntityFramework\SharingService.Data.EntityFramework.csproj", "{47B280E0-A50D-427C-BED9-57A5B249FE62}"
EndProject
Project("{2150E333-8FDC-42A3-9474-1A3956D46DE8}") = "Migrations", "Migrations", "{66CFF5F2-F1E5-43D7-B66C-B01BB1472AE0}"
EndProject
Project("{9A19103F-16F7-4668-BE54-9A1E7A4F7556}") = "SharingService.Web.Core", "SharingService.Web.Core\SharingService.Web.Core.csproj", "{85C5BB69-BC1A-440A-8926-9973C6A88500}"
EndProject
Project("{9A19103F-16F7-4668-BE54-9A1E7A4F7556}") = "SharingService.Data.EntityFramework.Sqlite", "Migrations\SharingService.Data.EntityFramework.Sqlite\SharingService.Data.EntityFramework.Sqlite.csproj", "{329B59AB-8E71-4823-9884-E6454EDB507F}"
EndProject
Project("{9A19103F-16F7-4668-BE54-9A1E7A4F7556}") = "SharingService.Data.EntityFramework.SqlServer", "Migrations\SharingService.Data.EntityFramework.SqlServer\SharingService.Data.EntityFramework.SqlServer.csproj", "{FB403E86-7E5F-4742-B52E-C01A9A1619F5}"
EndProject
Global
	GlobalSection(SolutionConfigurationPlatforms) = preSolution
		Debug|Any CPU = Debug|Any CPU
		Release|Any CPU = Release|Any CPU
	EndGlobalSection
	GlobalSection(ProjectConfigurationPlatforms) = postSolution
		{8EDA5F99-3C22-49D8-9F45-A4561C24AD04}.Debug|Any CPU.ActiveCfg = Debug|Any CPU
		{8EDA5F99-3C22-49D8-9F45-A4561C24AD04}.Debug|Any CPU.Build.0 = Debug|Any CPU
		{8EDA5F99-3C22-49D8-9F45-A4561C24AD04}.Release|Any CPU.ActiveCfg = Release|Any CPU
		{8EDA5F99-3C22-49D8-9F45-A4561C24AD04}.Release|Any CPU.Build.0 = Release|Any CPU
		{79DEBB12-53DA-49C1-81A2-38E642629138}.Debug|Any CPU.ActiveCfg = Debug|Any CPU
		{79DEBB12-53DA-49C1-81A2-38E642629138}.Debug|Any CPU.Build.0 = Debug|Any CPU
		{79DEBB12-53DA-49C1-81A2-38E642629138}.Release|Any CPU.ActiveCfg = Release|Any CPU
		{79DEBB12-53DA-49C1-81A2-38E642629138}.Release|Any CPU.Build.0 = Release|Any CPU
		{1851D1EE-386D-41CE-AA03-657C447CC644}.Debug|Any CPU.ActiveCfg = Debug|Any CPU
		{1851D1EE-386D-41CE-AA03-657C447CC644}.Debug|Any CPU.Build.0 = Debug|Any CPU
		{1851D1EE-386D-41CE-AA03-657C447CC644}.Release|Any CPU.ActiveCfg = Release|Any CPU
		{1851D1EE-386D-41CE-AA03-657C447CC644}.Release|Any CPU.Build.0 = Release|Any CPU
		{47B280E0-A50D-427C-BED9-57A5B249FE62}.Debug|Any CPU.ActiveCfg = Debug|Any CPU
		{47B280E0-A50D-427C-BED9-57A5B249FE62}.Debug|Any CPU.Build.0 = Debug|Any CPU
		{47B280E0-A50D-427C-BED9-57A5B249FE62}.Release|Any CPU.ActiveCfg = Release|Any CPU
		{47B280E0-A50D-427C-BED9-57A5B249FE62}.Release|Any CPU.Build.0 = Release|Any CPU
		{85C5BB69-BC1A-440A-8926-9973C6A88500}.Debug|Any CPU.ActiveCfg = Debug|Any CPU
		{85C5BB69-BC1A-440A-8926-9973C6A88500}.Debug|Any CPU.Build.0 = Debug|Any CPU
		{85C5BB69-BC1A-440A-8926-9973C6A88500}.Release|Any CPU.ActiveCfg = Release|Any CPU
		{85C5BB69-BC1A-440A-8926-9973C6A88500}.Release|Any CPU.Build.0 = Release|Any CPU
		{329B59AB-8E71-4823-9884-E6454EDB507F}.Debug|Any CPU.ActiveCfg = Debug|Any CPU
		{329B59AB-8E71-4823-9884-E6454EDB507F}.Debug|Any CPU.Build.0 = Debug|Any CPU
		{329B59AB-8E71-4823-9884-E6454EDB507F}.Release|Any CPU.ActiveCfg = Release|Any CPU
		{329B59AB-8E71-4823-9884-E6454EDB507F}.Release|Any CPU.Build.0 = Release|Any CPU
		{FB403E86-7E5F-4742-B52E-C01A9A1619F5}.Debug|Any CPU.ActiveCfg = Debug|Any CPU
		{FB403E86-7E5F-4742-B52E-C01A9A1619F5}.Debug|Any CPU.Build.0 = Debug|Any CPU
		{FB403E86-7E5F-4742-B52E-C01A9A1619F5}.Release|Any CPU.ActiveCfg = Release|Any CPU
		{FB403E86-7E5F-4742-B52E-C01A9A1619F5}.Release|Any CPU.Build.0 = Release|Any CPU
	EndGlobalSection
	GlobalSection(SolutionProperties) = preSolution
		HideSolutionNode = FALSE
	EndGlobalSection
	GlobalSection(NestedProjects) = preSolution
		{329B59AB-8E71-4823-9884-E6454EDB507F} = {66CFF5F2-F1E5-43D7-B66C-B01BB1472AE0}
		{FB403E86-7E5F-4742-B52E-C01A9A1619F5} = {66CFF5F2-F1E5-43D7-B66C-B01BB1472AE0}
	EndGlobalSection
	GlobalSection(ExtensibilityGlobals) = postSolution
		SolutionGuid = {F2EB465F-F217-420E-AD3C-23009A6CAC39}
	EndGlobalSection
EndGlobal
